version = 1
revision = 3
requires-python = ">=3.13"

[[package]]
name = "mariadb"
version = "1.1.14"
source = { registry = "https://pypi.org/simple" }
dependencies = [
    { name = "packaging" },
]
sdist = { url = "https://files.pythonhosted.org/packages/c4/ba/cedef19833be88e07bfff11964441cda8a998f1628dd3b2fa3e7751d36e0/mariadb-1.1.14.tar.gz", hash = "sha256:e6d702a53eccf20922e47f2f45cfb5c7a0c2c6c0a46e4ee2d8a80d0ff4a52f34", size = 111715, upload-time = "2025-10-07T06:45:48.017Z" }
wheels = [
    { url = "https://files.pythonhosted.org/packages/f3/42/51130048bcce038bb859978250515f1aad90e9c4d273630a704e0a8b1ae1/mariadb-1.1.14-cp313-cp313-win32.whl", hash = "sha256:3d2c795cde606f4e12c0d73282b062433f414cae035675b0d81f2d65c9b79ac5", size = 185221, upload-time = "2025-10-07T06:45:37.848Z" },
    { url = "https://files.pythonhosted.org/packages/af/23/e952a7e442913abd8079cd27b80b69474895c93b3727fad41c7642a80c62/mariadb-1.1.14-cp313-cp313-win_amd64.whl", hash = "sha256:7fd603c5cf23c47ef0d28fdc2b4b79919ee7f75d00ed070d3cd1054dcf816aeb", size = 202121, upload-time = "2025-10-07T06:45:39.453Z" },
    { url = "https://files.pythonhosted.org/packages/e7/f2/7059f83543a4264b98777d7cc8aa203e1ca6a13a461f730d1c97f29628d4/mariadb-1.1.14-cp314-cp314-win32.whl", hash = "sha256:1a50b4612c0dd5b69690cebb34cef552a7f64dcadeb5aa91d70cd99bf01bc5b3", size = 190620, upload-time = "2025-10-07T06:45:41.349Z" },
    { url = "https://files.pythonhosted.org/packages/f8/7c/7e094b0b396d742494f6346f2ffa9709e429970b0461aca50526f5f02f12/mariadb-1.1.14-cp314-cp314-win_amd64.whl", hash = "sha256:6659725837e48fa6af05e20128fb525029f706f1921d5dbf639a25b2f80b9f93", size = 206263, upload-time = "2025-10-07T06:45:43.227Z" },
]

[[package]]
name = "packaging"
version = "25.0"
source = { registry = "https://pypi.org/simple" }
sdist = { url = "https://files.pythonhosted.org/packages/a1/d4/1fc4078c65507b51b96ca8f8c3ba19e6a61c8253c72794544580a7b6c24d/packaging-25.0.tar.gz", hash = "sha256:d443872c98d677bf60f6a1f2f8c1cb748e8fe762d2bf9d3148b5599295b0fc4f", size = 165727, upload-time = "2025-04-19T11:48:59.673Z" }
wheels = [
    { url = "https://files.pythonhosted.org/packages/20/12/38679034af332785aac8774540895e234f4d07f7545804097de4b666afd8/packaging-25.0-py3-none-any.whl", hash = "sha256:29572ef2b1f17581046b3a2227d5c611fb25ec70ca1ba8554b24b0e69331a484", size = 66469, upload-time = "2025-04-19T11:48:57.875Z" },
]

[[package]]
name = "xml-data-importer"
version = "0.1.0"
source = { virtual = "." }
dependencies = [
    { name = "mariadb" },
]

[package.metadata]
requires-dist = [{ name = "mariadb", specifier = ">=1.1.14" }]
